Microsoft Visual Studio Solution File, Format Version 12.00
# Visual Studio Version 17
VisualStudioVersion = 17.0.31912.275
MinimumVisualStudioVersion = 10.0.40219.1
Project("{FAE04EC0-301F-11D3-BF4B-00C04F79EFBC}") = "PolicyPlus", "PolicyPlus\PolicyPlus.csproj", "{8C76608D-8397-0FCC-2A14-5622D27AF399}"
EndProject
Project("{FAE04EC0-301F-11D3-BF4B-00C04F79EFBC}") = "PolicyPlusModTests", "PolicyPlusModTests\PolicyPlusModTests.csproj", "{F5E4C0A7-4F9F-495E-9E3F-4E0C2F6F9002}"
EndProject
Project("{FAE04EC0-301F-11D3-BF4B-00C04F79EFBC}") = "PolicyPlus.WinUI3", "PolicyPlus.WinUI3\PolicyPlus.WinUI3.csproj", "{C2329377-4185-4A9D-BD51-AC8A8F0F1739}"
EndProject
Project("{FAE04EC0-301F-11D3-BF4B-00C04F79EFBC}") = "PolicyPlus.Core", "PolicyPlus.Core\PolicyPlus.Core.csproj", "{BB0E0680-F6DE-4E73-9316-49E46FDB7071}"
EndProject
Project("{C7167F0D-BC9F-4E6E-AFE1-012C56B48DB5}") = "PolicyPlusPlus.Package (Package)", "PolicyPlusPlus.Package\PolicyPlusPlus.Package (Package)\PolicyPlusPlus.Package (Package).wapproj", "{828A075F-2D82-4DB9-A55C-5962F65F452C}"
	ProjectSection(ProjectDependencies) = postProject
		{C2329377-4185-4A9D-BD51-AC8A8F0F1739} = {C2329377-4185-4A9D-BD51-AC8A8F0F1739}
	EndProjectSection
EndProject
Global
	GlobalSection(SolutionConfigurationPlatforms) = preSolution
		Debug|Any CPU = Debug|Any CPU
		Debug|ARM64 = Debug|ARM64
		Debug|x64 = Debug|x64
		Debug|x86 = Debug|x86
		Release|Any CPU = Release|Any CPU
		Release|ARM64 = Release|ARM64
		Release|x64 = Release|x64
		Release|x86 = Release|x86
	EndGlobalSection
	GlobalSection(ProjectConfigurationPlatforms) = postSolution
		{8C76608D-8397-0FCC-2A14-5622D27AF399}.Debug|Any CPU.ActiveCfg = Debug|Any CPU
		{8C76608D-8397-0FCC-2A14-5622D27AF399}.Debug|Any CPU.Build.0 = Debug|Any CPU
		{8C76608D-8397-0FCC-2A14-5622D27AF399}.Debug|ARM64.ActiveCfg = Debug|Any CPU
		{8C76608D-8397-0FCC-2A14-5622D27AF399}.Debug|ARM64.Build.0 = Debug|Any CPU
		{8C76608D-8397-0FCC-2A14-5622D27AF399}.Debug|x64.ActiveCfg = Debug|Any CPU
		{8C76608D-8397-0FCC-2A14-5622D27AF399}.Debug|x64.Build.0 = Debug|Any CPU
		{8C76608D-8397-0FCC-2A14-5622D27AF399}.Debug|x86.ActiveCfg = Debug|Any CPU
		{8C76608D-8397-0FCC-2A14-5622D27AF399}.Debug|x86.Build.0 = Debug|Any CPU
		{8C76608D-8397-0FCC-2A14-5622D27AF399}.Release|Any CPU.ActiveCfg = Release|Any CPU
		{8C76608D-8397-0FCC-2A14-5622D27AF399}.Release|Any CPU.Build.0 = Release|Any CPU
		{8C76608D-8397-0FCC-2A14-5622D27AF399}.Release|ARM64.ActiveCfg = Release|Any CPU
		{8C76608D-8397-0FCC-2A14-5622D27AF399}.Release|ARM64.Build.0 = Release|Any CPU
		{8C76608D-8397-0FCC-2A14-5622D27AF399}.Release|x64.ActiveCfg = Release|Any CPU
		{8C76608D-8397-0FCC-2A14-5622D27AF399}.Release|x64.Build.0 = Release|Any CPU
		{8C76608D-8397-0FCC-2A14-5622D27AF399}.Release|x86.ActiveCfg = Release|Any CPU
		{8C76608D-8397-0FCC-2A14-5622D27AF399}.Release|x86.Build.0 = Release|Any CPU
		{F5E4C0A7-4F9F-495E-9E3F-4E0C2F6F9002}.Debug|Any CPU.ActiveCfg = Debug|Any CPU
		{F5E4C0A7-4F9F-495E-9E3F-4E0C2F6F9002}.Debug|Any CPU.Build.0 = Debug|Any CPU
		{F5E4C0A7-4F9F-495E-9E3F-4E0C2F6F9002}.Debug|ARM64.ActiveCfg = Debug|Any CPU
		{F5E4C0A7-4F9F-495E-9E3F-4E0C2F6F9002}.Debug|ARM64.Build.0 = Debug|Any CPU
		{F5E4C0A7-4F9F-495E-9E3F-4E0C2F6F9002}.Debug|x64.ActiveCfg = Debug|Any CPU
		{F5E4C0A7-4F9F-495E-9E3F-4E0C2F6F9002}.Debug|x64.Build.0 = Debug|Any CPU
		{F5E4C0A7-4F9F-495E-9E3F-4E0C2F6F9002}.Debug|x86.ActiveCfg = Debug|Any CPU
		{F5E4C0A7-4F9F-495E-9E3F-4E0C2F6F9002}.Debug|x86.Build.0 = Debug|Any CPU
		{F5E4C0A7-4F9F-495E-9E3F-4E0C2F6F9002}.Release|Any CPU.ActiveCfg = Release|Any CPU
		{F5E4C0A7-4F9F-495E-9E3F-4E0C2F6F9002}.Release|Any CPU.Build.0 = Release|Any CPU
		{F5E4C0A7-4F9F-495E-9E3F-4E0C2F6F9002}.Release|ARM64.ActiveCfg = Release|Any CPU
		{F5E4C0A7-4F9F-495E-9E3F-4E0C2F6F9002}.Release|ARM64.Build.0 = Release|Any CPU
		{F5E4C0A7-4F9F-495E-9E3F-4E0C2F6F9002}.Release|x64.ActiveCfg = Release|Any CPU
		{F5E4C0A7-4F9F-495E-9E3F-4E0C2F6F9002}.Release|x64.Build.0 = Release|Any CPU
		{F5E4C0A7-4F9F-495E-9E3F-4E0C2F6F9002}.Release|x86.ActiveCfg = Release|Any CPU
		{F5E4C0A7-4F9F-495E-9E3F-4E0C2F6F9002}.Release|x86.Build.0 = Release|Any CPU
		{C2329377-4185-4A9D-BD51-AC8A8F0F1739}.Debug|Any CPU.ActiveCfg = Debug|x64
		{C2329377-4185-4A9D-BD51-AC8A8F0F1739}.Debug|Any CPU.Build.0 = Debug|x64
		{C2329377-4185-4A9D-BD51-AC8A8F0F1739}.Debug|Any CPU.Deploy.0 = Debug|x64
		{C2329377-4185-4A9D-BD51-AC8A8F0F1739}.Debug|ARM64.ActiveCfg = Debug|ARM64
		{C2329377-4185-4A9D-BD51-AC8A8F0F1739}.Debug|ARM64.Build.0 = Debug|ARM64
		{C2329377-4185-4A9D-BD51-AC8A8F0F1739}.Debug|x64.ActiveCfg = Debug|x64
		{C2329377-4185-4A9D-BD51-AC8A8F0F1739}.Debug|x64.Build.0 = Debug|x64
		{C2329377-4185-4A9D-BD51-AC8A8F0F1739}.Debug|x86.ActiveCfg = Debug|x86
		{C2329377-4185-4A9D-BD51-AC8A8F0F1739}.Debug|x86.Build.0 = Debug|x86
		{C2329377-4185-4A9D-BD51-AC8A8F0F1739}.Release|Any CPU.ActiveCfg = Release|x64
		{C2329377-4185-4A9D-BD51-AC8A8F0F1739}.Release|Any CPU.Build.0 = Release|x64
		{C2329377-4185-4A9D-BD51-AC8A8F0F1739}.Release|Any CPU.Deploy.0 = Release|x64
		{C2329377-4185-4A9D-BD51-AC8A8F0F1739}.Release|ARM64.ActiveCfg = Release|ARM64
		{C2329377-4185-4A9D-BD51-AC8A8F0F1739}.Release|ARM64.Build.0 = Release|ARM64
		{C2329377-4185-4A9D-BD51-AC8A8F0F1739}.Release|x64.ActiveCfg = Release|x64
		{C2329377-4185-4A9D-BD51-AC8A8F0F1739}.Release|x64.Build.0 = Release|x64
		{C2329377-4185-4A9D-BD51-AC8A8F0F1739}.Release|x86.ActiveCfg = Release|x86
		{C2329377-4185-4A9D-BD51-AC8A8F0F1739}.Release|x86.Build.0 = Release|x86
		{BB0E0680-F6DE-4E73-9316-49E46FDB7071}.Debug|Any CPU.ActiveCfg = Debug|Any CPU
		{BB0E0680-F6DE-4E73-9316-49E46FDB7071}.Debug|Any CPU.Build.0 = Debug|Any CPU
		{BB0E0680-F6DE-4E73-9316-49E46FDB7071}.Debug|ARM64.ActiveCfg = Debug|Any CPU
		{BB0E0680-F6DE-4E73-9316-49E46FDB7071}.Debug|ARM64.Build.0 = Debug|Any CPU
		{BB0E0680-F6DE-4E73-9316-49E46FDB7071}.Debug|x64.ActiveCfg = Debug|Any CPU
		{BB0E0680-F6DE-4E73-9316-49E46FDB7071}.Debug|x64.Build.0 = Debug|Any CPU
		{BB0E0680-F6DE-4E73-9316-49E46FDB7071}.Debug|x86.ActiveCfg = Debug|Any CPU
		{BB0E0680-F6DE-4E73-9316-49E46FDB7071}.Debug|x86.Build.0 = Debug|Any CPU
		{BB0E0680-F6DE-4E73-9316-49E46FDB7071}.Release|Any CPU.ActiveCfg = Release|Any CPU
		{BB0E0680-F6DE-4E73-9316-49E46FDB7071}.Release|Any CPU.Build.0 = Release|Any CPU
		{BB0E0680-F6DE-4E73-9316-49E46FDB7071}.Release|ARM64.ActiveCfg = Release|Any CPU
		{BB0E0680-F6DE-4E73-9316-49E46FDB7071}.Release|ARM64.Build.0 = Release|Any CPU
		{BB0E0680-F6DE-4E73-9316-49E46FDB7071}.Release|x64.ActiveCfg = Release|Any CPU
		{BB0E0680-F6DE-4E73-9316-49E46FDB7071}.Release|x64.Build.0 = Release|Any CPU
		{BB0E0680-F6DE-4E73-9316-49E46FDB7071}.Release|x86.ActiveCfg = Release|Any CPU
		{BB0E0680-F6DE-4E73-9316-49E46FDB7071}.Release|x86.Build.0 = Release|Any CPU
		{828A075F-2D82-4DB9-A55C-5962F65F452C}.Debug|Any CPU.ActiveCfg = Debug|x64
		{828A075F-2D82-4DB9-A55C-5962F65F452C}.Debug|Any CPU.Build.0 = Debug|x64
		{828A075F-2D82-4DB9-A55C-5962F65F452C}.Debug|Any CPU.Deploy.0 = Debug|x64
		{828A075F-2D82-4DB9-A55C-5962F65F452C}.Debug|ARM64.ActiveCfg = Debug|ARM64
		{828A075F-2D82-4DB9-A55C-5962F65F452C}.Debug|ARM64.Build.0 = Debug|ARM64
		{828A075F-2D82-4DB9-A55C-5962F65F452C}.Debug|ARM64.Deploy.0 = Debug|ARM64
		{828A075F-2D82-4DB9-A55C-5962F65F452C}.Debug|x64.ActiveCfg = Debug|x64
		{828A075F-2D82-4DB9-A55C-5962F65F452C}.Debug|x64.Build.0 = Debug|x64
		{828A075F-2D82-4DB9-A55C-5962F65F452C}.Debug|x64.Deploy.0 = Debug|x64
		{828A075F-2D82-4DB9-A55C-5962F65F452C}.Debug|x86.ActiveCfg = Debug|x86
		{828A075F-2D82-4DB9-A55C-5962F65F452C}.Debug|x86.Build.0 = Debug|x86
		{828A075F-2D82-4DB9-A55C-5962F65F452C}.Debug|x86.Deploy.0 = Debug|x86
		{828A075F-2D82-4DB9-A55C-5962F65F452C}.Release|Any CPU.ActiveCfg = Release|x64
		{828A075F-2D82-4DB9-A55C-5962F65F452C}.Release|Any CPU.Build.0 = Release|x64
		{828A075F-2D82-4DB9-A55C-5962F65F452C}.Release|Any CPU.Deploy.0 = Release|x64
		{828A075F-2D82-4DB9-A55C-5962F65F452C}.Release|ARM64.ActiveCfg = Release|ARM64
		{828A075F-2D82-4DB9-A55C-5962F65F452C}.Release|ARM64.Build.0 = Release|ARM64
		{828A075F-2D82-4DB9-A55C-5962F65F452C}.Release|ARM64.Deploy.0 = Release|ARM64
		{828A075F-2D82-4DB9-A55C-5962F65F452C}.Release|x64.ActiveCfg = Release|x64
		{828A075F-2D82-4DB9-A55C-5962F65F452C}.Release|x64.Build.0 = Release|x64
		{828A075F-2D82-4DB9-A55C-5962F65F452C}.Release|x64.Deploy.0 = Release|x64
		{828A075F-2D82-4DB9-A55C-5962F65F452C}.Release|x86.ActiveCfg = Release|x86
		{828A075F-2D82-4DB9-A55C-5962F65F452C}.Release|x86.Build.0 = Release|x86
		{828A075F-2D82-4DB9-A55C-5962F65F452C}.Release|x86.Deploy.0 = Release|x86
	EndGlobalSection
	GlobalSection(SolutionProperties) = preSolution
		HideSolutionNode = FALSE
	EndGlobalSection
	GlobalSection(ExtensibilityGlobals) = postSolution
		SolutionGuid = {1CB1578B-E7F9-4F72-A205-9090143732DC}
	EndGlobalSection
EndGlobal
